// !$*UTF8*$!
{
	archiveVersion = 1;
	classes = {
	};
	objectVersion = 56;
	objects = {

/* Begin PBXBuildFile section */
		EB7504FB2B844DBB001E5E8E /* RealityKitContent in Frameworks */ = {isa = PBXBuildFile; productRef = EB7504FA2B844DBB001E5E8E /* RealityKitContent */; };
		EB7504FD2B844DBB001E5E8E /* VisionAppApp.swift in Sources */ = {isa = PBXBuildFile; fileRef = EB7504FC2B844DBB001E5E8E /* VisionAppApp.swift */; };
		EB7504FF2B844DBB001E5E8E /* ContentView.swift in Sources */ = {isa = PBXBuildFile; fileRef = EB7504FE2B844DBB001E5E8E /* ContentView.swift */; };
		EB7505012B844DBB001E5E8E /* ImmersiveView.swift in Sources */ = {isa = PBXBuildFile; fileRef = EB7505002B844DBB001E5E8E /* ImmersiveView.swift */; };
		EB7505032B844DBD001E5E8E /* Assets.xcassets in Resources */ = {isa = PBXBuildFile; fileRef = EB7505022B844DBD001E5E8E /* Assets.xcassets */; };
		EB7505062B844DBD001E5E8E /* Preview Assets.xcassets in Resources */ = {isa = PBXBuildFile; fileRef = EB7505052B844DBD001E5E8E /* Preview Assets.xcassets */; };
		EB7505112B844DBD001E5E8E /* VisionAppTests.swift in Sources */ = {isa = PBXBuildFile; fileRef = EB7505102B844DBD001E5E8E /* VisionAppTests.swift */; };
/* End PBXBuildFile section */

/* Begin PBXContainerItemProxy section */
		EB75050D2B844DBD001E5E8E /* PBXContainerItemProxy */ = {
			isa = PBXContainerItemProxy;
			containerPortal = EB7504ED2B844DBB001E5E8E /* Project object */;
			proxyType = 1;
			remoteGlobalIDString = EB7504F42B844DBB001E5E8E;
			remoteInfo = VisionApp;
		};
/* End PBXContainerItemProxy section */

/* Begin PBXFileReference section */
		EB7504F52B844DBB001E5E8E /* VisionApp.app */ = {isa = PBXFileReference; explicitFileType = wrapper.application; includeInIndex = 0; path = VisionApp.app; sourceTree = BUILT_PRODUCTS_DIR; };
		EB7504F92B844DBB001E5E8E /* RealityKitContent */ = {isa = PBXFileReference; lastKnownFileType = wrapper; path = RealityKitContent; sourceTree = "<group>"; };
		EB7504FC2B844DBB001E5E8E /* VisionAppApp.swift */ = {isa = PBXFileReference; lastKnownFileType = sourcecode.swift; path = VisionAppApp.swift; sourceTree = "<group>"; };
		EB7504FE2B844DBB001E5E8E /* ContentView.swift */ = {isa = PBXFileReference; lastKnownFileType = sourcecode.swift; path = ContentView.swift; sourceTree = "<group>"; };
		EB7505002B844DBB001E5E8E /* ImmersiveView.swift */ = {isa = PBXFileReference; lastKnownFileType = sourcecode.swift; path = ImmersiveView.swift; sourceTree = "<group>"; };
		EB7505022B844DBD001E5E8E /* Assets.xcassets */ = {isa = PBXFileReference; lastKnownFileType = folder.assetcatalog; path = Assets.xcassets; sourceTree = "<group>"; };
		EB7505052B844DBD001E5E8E /* Preview Assets.xcassets */ = {isa = PBXFileReference; lastKnownFileType = folder.assetcatalog; path = "Preview Assets.xcassets"; sourceTree = "<group>"; };
		EB7505072B844DBD001E5E8E /* Info.plist */ = {isa = PBXFileReference; lastKnownFileType = text.plist.xml; path = Info.plist; sourceTree = "<group>"; };
		EB75050C2B844DBD001E5E8E /* VisionAppTests.xctest */ = {isa = PBXFileReference; explicitFileType = wrapper.cfbundle; includeInIndex = 0; path = VisionAppTests.xctest; sourceTree = BUILT_PRODUCTS_DIR; };
		EB7505102B844DBD001E5E8E /* VisionAppTests.swift */ = {isa = PBXFileReference; lastKnownFileType = sourcecode.swift; path = VisionAppTests.swift; sourceTree = "<group>"; };
/* End PBXFileReference section */

/* Begin PBXFrameworksBuildPhase section */
		EB7504F22B844DBB001E5E8E /* Frameworks */ = {
			isa = PBXFrameworksBuildPhase;
			buildActionMask = 2147483647;
			files = (
				EB7504FB2B844DBB001E5E8E /* RealityKitContent in Frameworks */,
			);
			runOnlyForDeploymentPostprocessing = 0;
		};
		EB7505092B844DBD001E5E8E /* Frameworks */ = {
			isa = PBXFrameworksBuildPhase;
			buildActionMask = 2147483647;
			files = (
			);
			runOnlyForDeploymentPostprocessing = 0;
		};
/* End PBXFrameworksBuildPhase section */

/* Begin PBXGroup section */
		EB7504EC2B844DBB001E5E8E = {
			isa = PBXGroup;
			children = (
				EB7504F72B844DBB001E5E8E /* VisionApp */,
				EB7504F82B844DBB001E5E8E /* Packages */,
				EB75050F2B844DBD001E5E8E /* VisionAppTests */,
				EB7504F62B844DBB001E5E8E /* Products */,
			);
			sourceTree = "<group>";
		};
		EB7504F62B844DBB001E5E8E /* Products */ = {
			isa = PBXGroup;
			children = (
				EB7504F52B844DBB001E5E8E /* VisionApp.app */,
				EB75050C2B844DBD001E5E8E /* VisionAppTests.xctest */,
			);
			name = Products;
			sourceTree = "<group>";
		};
		EB7504F72B844DBB001E5E8E /* VisionApp */ = {
			isa = PBXGroup;
			children = (
				EB7504FC2B844DBB001E5E8E /* VisionAppApp.swift */,
				EB7504FE2B844DBB001E5E8E /* ContentView.swift */,
				EB7505002B844DBB001E5E8E /* ImmersiveView.swift */,
				EB7505022B844DBD001E5E8E /* Assets.xcassets */,
				EB7505072B844DBD001E5E8E /* Info.plist */,
				EB7505042B844DBD001E5E8E /* Preview Content */,
			);
			path = VisionApp;
			sourceTree = "<group>";
		};
		EB7504F82B844DBB001E5E8E /* Packages */ = {
			isa = PBXGroup;
			children = (
				EB7504F92B844DBB001E5E8E /* RealityKitContent */,
			);
			path = Packages;
			sourceTree = "<group>";
		};
		EB7505042B844DBD001E5E8E /* Preview Content */ = {
			isa = PBXGroup;
			children = (
				EB7505052B844DBD001E5E8E /* Preview Assets.xcassets */,
			);
			path = "Preview Content";
			sourceTree = "<group>";
		};
		EB75050F2B844DBD001E5E8E /* VisionAppTests */ = {
			isa = PBXGroup;
			children = (
				EB7505102B844DBD001E5E8E /* VisionAppTests.swift */,
			);
			path = VisionAppTests;
			sourceTree = "<group>";
		};
/* End PBXGroup section */

/* Begin PBXNativeTarget section */
		EB7504F42B844DBB001E5E8E /* VisionApp */ = {
			isa = PBXNativeTarget;
			buildConfigurationList = EB7505142B844DBD001E5E8E /* Build configuration list for PBXNativeTarget "VisionApp" */;
			buildPhases = (
				EB7504F12B844DBB001E5E8E /* Sources */,
				EB7504F22B844DBB001E5E8E /* Frameworks */,
				EB7504F32B844DBB001E5E8E /* Resources */,
			);
			buildRules = (
			);
			dependencies = (
			);
			name = VisionApp;
			packageProductDependencies = (
				EB7504FA2B844DBB001E5E8E /* RealityKitContent */,
			);
			productName = VisionApp;
			productReference = EB7504F52B844DBB001E5E8E /* VisionApp.app */;
			productType = "com.apple.product-type.application";
		};
		EB75050B2B844DBD001E5E8E /* VisionAppTests */ = {
			isa = PBXNativeTarget;
			buildConfigurationList = EB7505172B844DBD001E5E8E /* Build configuration list for PBXNativeTarget "VisionAppTests" */;
			buildPhases = (
				EB7505082B844DBD001E5E8E /* Sources */,
				EB7505092B844DBD001E5E8E /* Frameworks */,
				EB75050A2B844DBD001E5E8E /* Resources */,
			);
			buildRules = (
			);
			dependencies = (
				EB75050E2B844DBD001E5E8E /* PBXTargetDependency */,
			);
			name = VisionAppTests;
			productName = VisionAppTests;
			productReference = EB75050C2B844DBD001E5E8E /* VisionAppTests.xctest */;
			productType = "com.apple.product-type.bundle.unit-test";
		};
/* End PBXNativeTarget section */

/* Begin PBXProject section */
		EB7504ED2B844DBB001E5E8E /* Project object */ = {
			isa = PBXProject;
			attributes = {
				BuildIndependentTargetsInParallel = 1;
				LastSwiftUpdateCheck = 1520;
				LastUpgradeCheck = 1520;
				TargetAttributes = {
					EB7504F42B844DBB001E5E8E = {
						CreatedOnToolsVersion = 15.2;
					};
					EB75050B2B844DBD001E5E8E = {
						CreatedOnToolsVersion = 15.2;
						TestTargetID = EB7504F42B844DBB001E5E8E;
					};
				};
			};
			buildConfigurationList = EB7504F02B844DBB001E5E8E /* Build configuration list for PBXProject "VisionApp" */;
			compatibilityVersion = "Xcode 14.0";
			developmentRegion = en;
			hasScannedForEncodings = 0;
			knownRegions = (
				en,
				Base,
			);
			mainGroup = EB7504EC2B844DBB001E5E8E;
			productRefGroup = EB7504F62B844DBB001E5E8E /* Products */;
			projectDirPath = "";
			projectRoot = "";
			targets = (
				EB7504F42B844DBB001E5E8E /* VisionApp */,
				EB75050B2B844DBD001E5E8E /* VisionAppTests */,
			);
		};
/* End PBXProject section */

/* Begin PBXResourcesBuildPhase section */
		EB7504F32B844DBB001E5E8E /* Resources */ = {
			isa = PBXResourcesBuildPhase;
			buildActionMask = 2147483647;
			files = (
				EB7505062B844DBD001E5E8E /* Preview Assets.xcassets in Resources */,
				EB7505032B844DBD001E5E8E /* Assets.xcassets in Resources */,
			);
			runOnlyForDeploymentPostprocessing = 0;
		};
		EB75050A2B844DBD001E5E8E /* Resources */ = {
			isa = PBXResourcesBuildPhase;
			buildActionMask = 2147483647;
			files = (
			);
			runOnlyForDeploymentPostprocessing = 0;
		};
/* End PBXResourcesBuildPhase section */

/* Begin PBXSourcesBuildPhase section */
		EB7504F12B844DBB001E5E8E /* Sources */ = {
			isa = PBXSourcesBuildPhase;
			buildActionMask = 2147483647;
			files = (
				EB7504FF2B844DBB001E5E8E /* ContentView.swift in Sources */,
				EB7504FD2B844DBB001E5E8E /* VisionAppApp.swift in Sources */,
				EB7505012B844DBB001E5E8E /* ImmersiveView.swift in Sources */,
			);
			runOnlyForDeploymentPostprocessing = 0;
		};
		EB7505082B844DBD001E5E8E /* Sources */ = {
			isa = PBXSourcesBuildPhase;
			buildActionMask = 2147483647;
			files = (
				EB7505112B844DBD001E5E8E /* VisionAppTests.swift in Sources */,
			);
			runOnlyForDeploymentPostprocessing = 0;
		};
/* End PBXSourcesBuildPhase section */

/* Begin PBXTargetDependency section */
		EB75050E2B844DBD001E5E8E /* PBXTargetDependency */ = {
			isa = PBXTargetDependency;
			target = EB7504F42B844DBB001E5E8E /* VisionApp */;
			targetProxy = EB75050D2B844DBD001E5E8E /* PBXContainerItemProxy */;
		};
/* End PBXTargetDependency section */

/* Begin XCBuildConfiguration section */
		EB7505122B844DBD001E5E8E /* Debug */ = {
			isa = XCBuildConfiguration;
			buildSettings = {
				ALWAYS_SEARCH_USER_PATHS = NO;
				ASSETCATALOG_COMPILER_GENERATE_SWIFT_ASSET_SYMBOL_EXTENSIONS = YES;
				CLANG_ANALYZER_NONNULL = YES;
				CLANG_ANALYZER_NUMBER_OBJECT_CONVERSION = YES_AGGRESSIVE;
				CLANG_CXX_LANGUAGE_STANDARD = "gnu++20";
				CLANG_ENABLE_MODULES = YES;
				CLANG_ENABLE_OBJC_ARC = YES;
				CLANG_ENABLE_OBJC_WEAK = YES;
				CLANG_WARN_BLOCK_CAPTURE_AUTORELEASING = YES;
				CLANG_WARN_BOOL_CONVERSION = YES;
				CLANG_WARN_COMMA = YES;
				CLANG_WARN_CONSTANT_CONVERSION = YES;
				CLANG_WARN_DEPRECATED_OBJC_IMPLEMENTATIONS = YES;
				CLANG_WARN_DIRECT_OBJC_ISA_USAGE = YES_ERROR;
				CLANG_WARN_DOCUMENTATION_COMMENTS = YES;
				CLANG_WARN_EMPTY_BODY = YES;
				CLANG_WARN_ENUM_CONVERSION = YES;
				CLANG_WARN_INFINITE_RECURSION = YES;
				CLANG_WARN_INT_CONVERSION = YES;
				CLANG_WARN_NON_LITERAL_NULL_CONVERSION = YES;
				CLANG_WARN_OBJC_IMPLICIT_RETAIN_SELF = YES;
				CLANG_WARN_OBJC_LITERAL_CONVERSION = YES;
				CLANG_WARN_OBJC_ROOT_CLASS = YES_ERROR;
				CLANG_WARN_QUOTED_INCLUDE_IN_FRAMEWORK_HEADER = YES;
				CLANG_WARN_RANGE_LOOP_ANALYSIS = YES;
				CLANG_WARN_STRICT_PROTOTYPES = YES;
				CLANG_WARN_SUSPICIOUS_MOVE = YES;
				CLANG_WARN_UNGUARDED_AVAILABILITY = YES_AGGRESSIVE;
				CLANG_WARN_UNREACHABLE_CODE = YES;
				CLANG_WARN__DUPLICATE_METHOD_MATCH = YES;
				COPY_PHASE_STRIP = NO;
				DEBUG_INFORMATION_FORMAT = dwarf;
				ENABLE_STRICT_OBJC_MSGSEND = YES;
				ENABLE_TESTABILITY = YES;
				ENABLE_USER_SCRIPT_SANDBOXING = YES;
				GCC_C_LANGUAGE_STANDARD = gnu17;
				GCC_DYNAMIC_NO_PIC = NO;
				GCC_NO_COMMON_BLOCKS = YES;
				GCC_OPTIMIZATION_LEVEL = 0;
				GCC_PREPROCESSOR_DEFINITIONS = (
					"DEBUG=1",
					"$(inherited)",
				);
				GCC_WARN_64_TO_32_BIT_CONVERSION = YES;
				GCC_WARN_ABOUT_RETURN_TYPE = YES_ERROR;
				GCC_WARN_UNDECLARED_SELECTOR = YES;
				GCC_WARN_UNINITIALIZED_AUTOS = YES_AGGRESSIVE;
				GCC_WARN_UNUSED_FUNCTION = YES;
				GCC_WARN_UNUSED_VARIABLE = YES;
				LOCALIZATION_PREFERS_STRING_CATALOGS = YES;
				MTL_ENABLE_DEBUG_INFO = INCLUDE_SOURCE;
				MTL_FAST_MATH = YES;
				ONLY_ACTIVE_ARCH = YES;
				SDKROOT = xros;
				SWIFT_ACTIVE_COMPILATION_CONDITIONS = "DEBUG $(inherited)";
				SWIFT_OPTIMIZATION_LEVEL = "-Onone";
				XROS_DEPLOYMENT_TARGET = 1.0;
			};
			name = Debug;
		};
		EB7505132B844DBD001E5E8E /* Release */ = {
			isa = XCBuildConfiguration;
			buildSettings = {
				ALWAYS_SEARCH_USER_PATHS = NO;
				ASSETCATALOG_COMPILER_GENERATE_SWIFT_ASSET_SYMBOL_EXTENSIONS = YES;
				CLANG_ANALYZER_NONNULL = YES;
				CLANG_ANALYZER_NUMBER_OBJECT_CONVERSION = YES_AGGRESSIVE;
				CLANG_CXX_LANGUAGE_STANDARD = "gnu++20";
				CLANG_ENABLE_MODULES = YES;
				CLANG_ENABLE_OBJC_ARC = YES;
				CLANG_ENABLE_OBJC_WEAK = YES;
				CLANG_WARN_BLOCK_CAPTURE_AUTORELEASING = YES;
				CLANG_WARN_BOOL_CONVERSION = YES;
				CLANG_WARN_COMMA = YES;
				CLANG_WARN_CONSTANT_CONVERSION = YES;
				CLANG_WARN_DEPRECATED_OBJC_IMPLEMENTATIONS = YES;
				CLANG_WARN_DIRECT_OBJC_ISA_USAGE = YES_ERROR;
				CLANG_WARN_DOCUMENTATION_COMMENTS = YES;
				CLANG_WARN_EMPTY_BODY = YES;
				CLANG_WARN_ENUM_CONVERSION = YES;
				CLANG_WARN_INFINITE_RECURSION = YES;
				CLANG_WARN_INT_CONVERSION = YES;
				CLANG_WARN_NON_LITERAL_NULL_CONVERSION = YES;
				CLANG_WARN_OBJC_IMPLICIT_RETAIN_SELF = YES;
				CLANG_WARN_OBJC_LITERAL_CONVERSION = YES;
				CLANG_WARN_OBJC_ROOT_CLASS = YES_ERROR;
				CLANG_WARN_QUOTED_INCLUDE_IN_FRAMEWORK_HEADER = YES;
				CLANG_WARN_RANGE_LOOP_ANALYSIS = YES;
				CLANG_WARN_STRICT_PROTOTYPES = YES;
				CLANG_WARN_SUSPICIOUS_MOVE = YES;
				CLANG_WARN_UNGUARDED_AVAILABILITY = YES_AGGRESSIVE;
				CLANG_WARN_UNREACHABLE_CODE = YES;
				CLANG_WARN__DUPLICATE_METHOD_MATCH = YES;
				COPY_PHASE_STRIP = NO;
				DEBUG_INFORMATION_FORMAT = "dwarf-with-dsym";
				ENABLE_NS_ASSERTIONS = NO;
				ENABLE_STRICT_OBJC_MSGSEND = YES;
				ENABLE_USER_SCRIPT_SANDBOXING = YES;
				GCC_C_LANGUAGE_STANDARD = gnu17;
				GCC_NO_COMMON_BLOCKS = YES;
				GCC_WARN_64_TO_32_BIT_CONVERSION = YES;
				GCC_WARN_ABOUT_RETURN_TYPE = YES_ERROR;
				GCC_WARN_UNDECLARED_SELECTOR = YES;
				GCC_WARN_UNINITIALIZED_AUTOS = YES_AGGRESSIVE;
				GCC_WARN_UNUSED_FUNCTION = YES;
				GCC_WARN_UNUSED_VARIABLE = YES;
				LOCALIZATION_PREFERS_STRING_CATALOGS = YES;
				MTL_ENABLE_DEBUG_INFO = NO;
				MTL_FAST_MATH = YES;
				SDKROOT = xros;
				SWIFT_COMPILATION_MODE = wholemodule;
				VALIDATE_PRODUCT = YES;
				XROS_DEPLOYMENT_TARGET = 1.0;
			};
			name = Release;
		};
		EB7505152B844DBD001E5E8E /* Debug */ = {
			isa = XCBuildConfiguration;
			buildSettings = {
				ASSETCATALOG_COMPILER_APPICON_NAME = AppIcon;
				ASSETCATALOG_COMPILER_GLOBAL_ACCENT_COLOR_NAME = AccentColor;
				CODE_SIGN_STYLE = Automatic;
				CURRENT_PROJECT_VERSION = 1;
				DEVELOPMENT_ASSET_PATHS = "\"VisionApp/Preview Content\"";
				ENABLE_PREVIEWS = YES;
				GENERATE_INFOPLIST_FILE = YES;
				INFOPLIST_FILE = "$(TARGET_NAME)/Info.plist";
				LD_RUNPATH_SEARCH_PATHS = (
					"$(inherited)",
					"@executable_path/Frameworks",
				);
				MARKETING_VERSION = 1.0;
				PRODUCT_BUNDLE_IDENTIFIER = danildenha.VisionApp;
				PRODUCT_NAME = "$(TARGET_NAME)";
				SUPPORTED_PLATFORMS = "xros xrsimulator";
				SWIFT_EMIT_LOC_STRINGS = YES;
				SWIFT_VERSION = 5.0;
				TARGETED_DEVICE_FAMILY = "1,2,7";
			};
			name = Debug;
		};
		EB7505162B844DBD001E5E8E /* Release */ = {
			isa = XCBuildConfiguration;
			buildSettings = {
				ASSETCATALOG_COMPILER_APPICON_NAME = AppIcon;
				ASSETCATALOG_COMPILER_GLOBAL_ACCENT_COLOR_NAME = AccentColor;
				CODE_SIGN_STYLE = Automatic;
				CURRENT_PROJECT_VERSION = 1;
				DEVELOPMENT_ASSET_PATHS = "\"VisionApp/Preview Content\"";
				ENABLE_PREVIEWS = YES;
				GENERATE_INFOPLIST_FILE = YES;
				INFOPLIST_FILE = "$(TARGET_NAME)/Info.plist";
				LD_RUNPATH_SEARCH_PATHS = (
					"$(inherited)",
					"@executable_path/Frameworks",
				);
				MARKETING_VERSION = 1.0;
				PRODUCT_BUNDLE_IDENTIFIER = danildenha.VisionApp;
				PRODUCT_NAME = "$(TARGET_NAME)";
				SUPPORTED_PLATFORMS = "xros xrsimulator";
				SWIFT_EMIT_LOC_STRINGS = YES;
				SWIFT_VERSION = 5.0;
				TARGETED_DEVICE_FAMILY = "1,2,7";
			};
			name = Release;
		};
		EB7505182B844DBD001E5E8E /* Debug */ = {
			isa = XCBuildConfiguration;
			buildSettings = {
				ALWAYS_EMBED_SWIFT_STANDARD_LIBRARIES = YES;
				BUNDLE_LOADER = "$(TEST_HOST)";
				CODE_SIGN_STYLE = Automatic;
				CURRENT_PROJECT_VERSION = 1;
				GENERATE_INFOPLIST_FILE = YES;
				MARKETING_VERSION = 1.0;
				PRODUCT_BUNDLE_IDENTIFIER = danildenha.VisionAppTests;
				PRODUCT_NAME = "$(TARGET_NAME)";
				SUPPORTED_PLATFORMS = "xros xrsimulator";
				SWIFT_EMIT_LOC_STRINGS = NO;
				SWIFT_VERSION = 5.0;
				TARGETED_DEVICE_FAMILY = "1,2,7";
				TEST_HOST = "$(BUILT_PRODUCTS_DIR)/VisionApp.app/$(BUNDLE_EXECUTABLE_FOLDER_PATH)/VisionApp";
				XROS_DEPLOYMENT_TARGET = 1.0;
			};
			name = Debug;
		};
		EB7505192B844DBD001E5E8E /* Release */ = {
			isa = XCBuildConfiguration;
			buildSettings = {
				ALWAYS_EMBED_SWIFT_STANDARD_LIBRARIES = YES;
				BUNDLE_LOADER = "$(TEST_HOST)";
				CODE_SIGN_STYLE = Automatic;
				CURRENT_PROJECT_VERSION = 1;
				GENERATE_INFOPLIST_FILE = YES;
				MARKETING_VERSION = 1.0;
				PRODUCT_BUNDLE_IDENTIFIER = danildenha.VisionAppTests;
				PRODUCT_NAME = "$(TARGET_NAME)";
				SUPPORTED_PLATFORMS = "xros xrsimulator";
				SWIFT_EMIT_LOC_STRINGS = NO;
				SWIFT_VERSION = 5.0;
				TARGETED_DEVICE_FAMILY = "1,2,7";
				TEST_HOST = "$(BUILT_PRODUCTS_DIR)/VisionApp.app/$(BUNDLE_EXECUTABLE_FOLDER_PATH)/VisionApp";
				XROS_DEPLOYMENT_TARGET = 1.0;
			};
			name = Release;
		};
/* End XCBuildConfiguration section */

/* Begin XCConfigurationList section */
		EB7504F02B844DBB001E5E8E /* Build configuration list for PBXProject "VisionApp" */ = {
			isa = XCConfigurationList;
			buildConfigurations = (
				EB7505122B844DBD001E5E8E /* Debug */,
				EB7505132B844DBD001E5E8E /* Release */,
			);
			defaultConfigurationIsVisible = 0;
			defaultConfigurationName = Release;
		};
		EB7505142B844DBD001E5E8E /* Build configuration list for PBXNativeTarget "VisionApp" */ = {
			isa = XCConfigurationList;
			buildConfigurations = (
				EB7505152B844DBD001E5E8E /* Debug */,
				EB7505162B844DBD001E5E8E /* Release */,
			);
			defaultConfigurationIsVisible = 0;
			defaultConfigurationName = Release;
		};
		EB7505172B844DBD001E5E8E /* Build configuration list for PBXNativeTarget "VisionAppTests" */ = {
			isa = XCConfigurationList;
			buildConfigurations = (
				EB7505182B844DBD001E5E8E /* Debug */,
				EB7505192B844DBD001E5E8E /* Release */,
			);
			defaultConfigurationIsVisible = 0;
			defaultConfigurationName = Release;
		};
/* End XCConfigurationList section */

/* Begin XCSwiftPackageProductDependency section */
		EB7504FA2B844DBB001E5E8E /* RealityKitContent */ = {
			isa = XCSwiftPackageProductDependency;
			productName = RealityKitContent;
		};
/* End XCSwiftPackageProductDependency section */
	};
	rootObject = EB7504ED2B844DBB001E5E8E /* Project object */;
}
